// !$*UTF8*$!
{
	archiveVersion = 1;
	classes = {
	};
	objectVersion = 56;
	objects = {

/* Begin PBXBuildFile section */
		A7584463-4030-4319-B91C-CF7CDE58BC1A /* MazeScreensaverView.swift in Sources */ = {isa = PBXBuildFile; fileRef = F587C999-9A2C-448A-A4F6-5C5B9237A3BC /* MazeScreensaverView.swift */; };
		90386FBE-5A05-4989-B368-7F05111EFFF0 /* MazeModel.swift in Sources */ = {isa = PBXBuildFile; fileRef = BB73379B-898C-446D-A719-3E202E04F822 /* MazeModel.swift */; };
		787483FA-E8F4-467D-AFF5-AA3E035E2C93 /* MazePlayback.swift in Sources */ = {isa = PBXBuildFile; fileRef = B9577BA1-FDFA-4E98-AF89-BCC79D5BF49F /* MazePlayback.swift */; };
		D7883BE8-4FA3-450A-822F-B1AAACE2A09B /* MazeSettings.swift in Sources */ = {isa = PBXBuildFile; fileRef = DC3614AF-8D8D-4E9B-811C-A238C8F561DF /* MazeSettings.swift */; };
		1DDD6440-6B74-478A-8BC1-980970D5789B /* MazeRenderer.swift in Sources */ = {isa = PBXBuildFile; fileRef = 08B687EA-ED28-4ED5-8984-1028459A5AB6 /* MazeRenderer.swift */; };
/* End PBXBuildFile section */

/* Begin PBXFileReference section */
		3E1A3096-00BC-4A70-A7A9-94B831F99333 /* Info.plist */ = {isa = PBXFileReference; lastKnownFileType = text.plist.xml; path = Info.plist; sourceTree = "<group>"; };
		F587C999-9A2C-448A-A4F6-5C5B9237A3BC /* MazeScreensaverView.swift */ = {isa = PBXFileReference; lastKnownFileType = sourcecode.swift; path = MazeScreensaverView.swift; sourceTree = "<group>"; };
		BB73379B-898C-446D-A719-3E202E04F822 /* MazeModel.swift */ = {isa = PBXFileReference; lastKnownFileType = sourcecode.swift; path = MazeModel.swift; sourceTree = "<group>"; };
		B9577BA1-FDFA-4E98-AF89-BCC79D5BF49F /* MazePlayback.swift */ = {isa = PBXFileReference; lastKnownFileType = sourcecode.swift; path = MazePlayback.swift; sourceTree = "<group>"; };
		DC3614AF-8D8D-4E9B-811C-A238C8F561DF /* MazeSettings.swift */ = {isa = PBXFileReference; lastKnownFileType = sourcecode.swift; path = MazeSettings.swift; sourceTree = "<group>"; };
		08B687EA-ED28-4ED5-8984-1028459A5AB6 /* MazeRenderer.swift */ = {isa = PBXFileReference; lastKnownFileType = sourcecode.swift; path = MazeRenderer.swift; sourceTree = "<group>"; };
		6ECBCAD4-51A6-40E3-BB7B-E5549E2992FD /* MazeScreensaver.saver */ = {isa = PBXFileReference; explicitFileType = wrapper.cfbundle; includeInIndex = 0; path = MazeScreensaver.saver; sourceTree = BUILT_PRODUCTS_DIR; };
/* End PBXFileReference section */

/* Begin PBXFrameworksBuildPhase section */
		881D3BA8-513D-42D3-997E-00AE9B18E075 /* Frameworks */ = {
			isa = PBXFrameworksBuildPhase;
			buildActionMask = 2147483647;
			files = (
			);
			runOnlyForDeploymentPostprocessing = 0;
		};
/* End PBXFrameworksBuildPhase section */

/* Begin PBXGroup section */
		B080EF85-E9BA-4A99-A5E4-707D5BAD18A3 /* MazeScreensaver */ = {
			isa = PBXGroup;
			children = (
				F587C999-9A2C-448A-A4F6-5C5B9237A3BC /* MazeScreensaverView.swift */,
				BB73379B-898C-446D-A719-3E202E04F822 /* MazeModel.swift */,
				B9577BA1-FDFA-4E98-AF89-BCC79D5BF49F /* MazePlayback.swift */,
				DC3614AF-8D8D-4E9B-811C-A238C8F561DF /* MazeSettings.swift */,
				08B687EA-ED28-4ED5-8984-1028459A5AB6 /* MazeRenderer.swift */,
				3E1A3096-00BC-4A70-A7A9-94B831F99333 /* Info.plist */,
			);
			path = MazeScreensaver;
			sourceTree = "<group>";
		};
		A888F43D-B22E-48FE-9AA7-40EF31A259DF = {
			isa = PBXGroup;
			children = (
				B080EF85-E9BA-4A99-A5E4-707D5BAD18A3 /* MazeScreensaver */,
			);
			sourceTree = "<group>";
		};
/* End PBXGroup section */

/* Begin PBXNativeTarget section */
		5A3F816A-C671-45A2-9F50-30A99BE333DF /* MazeScreensaver */ = {
			isa = PBXNativeTarget;
			buildConfigurationList = E11F80BB-EE51-4EB6-88B1-272FDF6FBD72 /* Build configuration list for PBXNativeTarget "MazeScreensaver" */;
			buildPhases = (
				DD58F09F-9A60-43B7-82A7-C3858515AF19 /* Sources */,
				881D3BA8-513D-42D3-997E-00AE9B18E075 /* Frameworks */,
			);
			buildRules = (
			);
			dependencies = (
			);
			name = MazeScreensaver;
			productName = MazeScreensaver;
			productReference = 6ECBCAD4-51A6-40E3-BB7B-E5549E2992FD /* MazeScreensaver.saver */;
			productType = "com.apple.product-type.bundle";
		};
/* End PBXNativeTarget section */

/* Begin PBXProject section */
		12979495-FC68-43FF-9A50-6FE616B0F296 /* Project object */ = {
			isa = PBXProject;
			attributes = {
				BuildIndependentTargetsInParallel = 1;
				LastSwiftUpdateCheck = 1620;
				LastUpgradeCheck = 1620;
			};
			buildConfigurationList = 15B0C9C0-596B-43C9-80E4-7D5027C84E68 /* Build configuration list for PBXProject "MazeScreensaver" */;
			compatibilityVersion = "Xcode 14.0";
			developmentRegion = en;
			hasScannedForEncodings = 0;
			knownRegions = (
				en,
				Base,
			);
			mainGroup = A888F43D-B22E-48FE-9AA7-40EF31A259DF;
			productRefGroup = A888F43D-B22E-48FE-9AA7-40EF31A259DF /* Products */;
			projectDirPath = "";
			projectRoot = "";
			targets = (
				5A3F816A-C671-45A2-9F50-30A99BE333DF /* MazeScreensaver */,
			);
		};
/* End PBXProject section */

/* Begin PBXSourcesBuildPhase section */
		DD58F09F-9A60-43B7-82A7-C3858515AF19 /* Sources */ = {
			isa = PBXSourcesBuildPhase;
			buildActionMask = 2147483647;
			files = (
				A7584463-4030-4319-B91C-CF7CDE58BC1A /* MazeScreensaverView.swift in Sources */,
				90386FBE-5A05-4989-B368-7F05111EFFF0 /* MazeModel.swift in Sources */,
				787483FA-E8F4-467D-AFF5-AA3E035E2C93 /* MazePlayback.swift in Sources */,
				D7883BE8-4FA3-450A-822F-B1AAACE2A09B /* MazeSettings.swift in Sources */,
				1DDD6440-6B74-478A-8BC1-980970D5789B /* MazeRenderer.swift in Sources */,
			);
			runOnlyForDeploymentPostprocessing = 0;
		};
/* End PBXSourcesBuildPhase section */

/* Begin XCBuildConfiguration section */
		FDA9D25B-4862-4AB2-B050-543169627F24 /* Debug */ = {
			isa = XCBuildConfiguration;
			buildSettings = {
				ALWAYS_SEARCH_USER_PATHS = NO;
				ASSETCATALOG_COMPILER_APPICON_NAME = "";
				CLANG_ANALYZER_NONNULL = YES;
				CLANG_ANALYZER_NUMBER_OBJECT_CONVERSION = YES_AGGRESSIVE;
				CLANG_CXX_LANGUAGE_STANDARD = "gnu++20";
				CLANG_ENABLE_MODULES = YES;
				CLANG_ENABLE_OBJC_ARC = YES;
				CLANG_ENABLE_OBJC_WEAK = YES;
				CLANG_WARN_BLOCK_CAPTURE_AUTORELEASING = YES;
				CLANG_WARN_BOOL_CONVERSION = YES;
				CLANG_WARN_COMMA = YES;
				CLANG_WARN_CONSTANT_CONVERSION = YES;
				CLANG_WARN_DEPRECATED_OBJC_IMPLEMENTATIONS = YES;
				CLANG_WARN_DIRECT_OBJC_ISA_USAGE = YES_ERROR;
				CLANG_WARN_DOCUMENTATION_COMMENTS = YES;
				CLANG_WARN_EMPTY_BODY = YES;
				CLANG_WARN_ENUM_CONVERSION = YES;
				CLANG_WARN_INFINITE_RECURSION = YES;
				CLANG_WARN_INT_CONVERSION = YES;
				CLANG_WARN_NON_LITERAL_NULL_CHECK = YES;
				CLANG_WARN_OBJC_IMPLICIT_RETAIN_SELF = YES;
				CLANG_WARN_OBJC_LITERAL_CONVERSION = YES;
				CLANG_WARN_OBJC_ROOT_CLASS = YES_ERROR;
				CLANG_WARN_QUOTED_INCLUDE_IN_FRAMEWORK_HEADER = YES;
				CLANG_WARN_RANGE_LOOP_ANALYSIS = YES;
				CLANG_WARN_STRICT_PROTOTYPES = YES;
				CLANG_WARN_SUSPICIOUS_MOVE = YES;
				CLANG_WARN_UNGUARDED_AVAILABILITY = YES_AGGRESSIVE;
				CLANG_WARN_UNREACHABLE_CODE = YES;
				CLANG_WARN__DUPLICATE_METHOD_MATCH = YES;
				COPY_PHASE_STRIP = NO;
				DEBUG_INFORMATION_FORMAT = dwarf;
				ENABLE_STRICT_OBJC_MSGSEND = YES;
				ENABLE_TESTABILITY = YES;
				ENABLE_USER_SCRIPT_SANDBOXING = YES;
				GCC_C_LANGUAGE_STANDARD = gnu17;
				GCC_DYNAMIC_NO_PIC = NO;
				GCC_NO_COMMON_BLOCKS = YES;
				GCC_OPTIMIZATION_LEVEL = 0;
				GCC_PREPROCESSOR_DEFINITIONS = (
					"DEBUG=1",
					"$(inherited)",
				);
				GCC_WARN_64_TO_32_BIT_CONVERSION = YES;
				GCC_WARN_ABOUT_RETURN_TYPE = YES_ERROR;
				GCC_WARN_UNDECLARED_SELECTOR = YES;
				GCC_WARN_UNINITIALIZED_AUTOS = YES_AGGRESSIVE;
				GCC_WARN_UNUSED_FUNCTION = YES;
				GCC_WARN_UNUSED_VARIABLE = YES;
				MACOSX_DEPLOYMENT_TARGET = 13.0;
				MTL_ENABLE_DEBUG_INFO = INCLUDE_SOURCE;
				MTL_FAST_MATH = YES;
				ONLY_ACTIVE_ARCH = YES;
				SDKROOT = macosx;
				SWIFT_ACTIVE_COMPILATION_CONDITIONS = DEBUG;
				SWIFT_OPTIMIZATION_LEVEL = "-Onone";
			};
			name = Debug;
		};
		C0711B67-D566-40AF-88DA-6E422FA49843 /* Release */ = {
			isa = XCBuildConfiguration;
			buildSettings = {
				ALWAYS_SEARCH_USER_PATHS = NO;
				ASSETCATALOG_COMPILER_APPICON_NAME = "";
				CLANG_ANALYZER_NONNULL = YES;
				CLANG_ANALYZER_NUMBER_OBJECT_CONVERSION = YES_AGGRESSIVE;
				CLANG_CXX_LANGUAGE_STANDARD = "gnu++20";
				CLANG_ENABLE_MODULES = YES;
				CLANG_ENABLE_OBJC_ARC = YES;
				CLANG_ENABLE_OBJC_WEAK = YES;
				CLANG_WARN_BLOCK_CAPTURE_AUTORELEASING = YES;
				CLANG_WARN_BOOL_CONVERSION = YES;
				CLANG_WARN_COMMA = YES;
				CLANG_WARN_CONSTANT_CONVERSION = YES;
				CLANG_WARN_DEPRECATED_OBJC_IMPLEMENTATIONS = YES;
				CLANG_WARN_DIRECT_OBJC_ISA_USAGE = YES_ERROR;
				CLANG_WARN_DOCUMENTATION_COMMENTS = YES;
				CLANG_WARN_EMPTY_BODY = YES;
				CLANG_WARN_ENUM_CONVERSION = YES;
				CLANG_WARN_INFINITE_RECURSION = YES;
				CLANG_WARN_INT_CONVERSION = YES;
				CLANG_WARN_NON_LITERAL_NULL_CHECK = YES;
				CLANG_WARN_OBJC_IMPLICIT_RETAIN_SELF = YES;
				CLANG_WARN_OBJC_LITERAL_CONVERSION = YES;
				CLANG_WARN_OBJC_ROOT_CLASS = YES_ERROR;
				CLANG_WARN_QUOTED_INCLUDE_IN_FRAMEWORK_HEADER = YES;
				CLANG_WARN_RANGE_LOOP_ANALYSIS = YES;
				CLANG_WARN_STRICT_PROTOTYPES = YES;
				CLANG_WARN_SUSPICIOUS_MOVE = YES;
				CLANG_WARN_UNGUARDED_AVAILABILITY = YES_AGGRESSIVE;
				CLANG_WARN_UNREACHABLE_CODE = YES;
				CLANG_WARN__DUPLICATE_METHOD_MATCH = YES;
				COPY_PHASE_STRIP = NO;
				DEBUG_INFORMATION_FORMAT = "dwarf-with-dsym";
				ENABLE_NS_ASSERTIONS = NO;
				ENABLE_STRICT_OBJC_MSGSEND = YES;
				ENABLE_USER_SCRIPT_SANDBOXING = YES;
				GCC_C_LANGUAGE_STANDARD = gnu17;
				GCC_NO_COMMON_BLOCKS = YES;
				GCC_WARN_64_TO_32_BIT_CONVERSION = YES;
				GCC_WARN_ABOUT_RETURN_TYPE = YES_ERROR;
				GCC_WARN_UNDECLARED_SELECTOR = YES;
				GCC_WARN_UNINITIALIZED_AUTOS = YES_AGGRESSIVE;
				GCC_WARN_UNUSED_FUNCTION = YES;
				GCC_WARN_UNUSED_VARIABLE = YES;
				MACOSX_DEPLOYMENT_TARGET = 13.0;
				MTL_ENABLE_DEBUG_INFO = NO;
				MTL_FAST_MATH = YES;
				SDKROOT = macosx;
				SWIFT_COMPILATION_MODE = wholemodule;
				SWIFT_OPTIMIZATION_LEVEL = "-O";
			};
			name = Release;
		};
		8811AF4D-C26B-4B18-85E8-B42872476C65 /* Debug */ = {
			isa = XCBuildConfiguration;
			buildSettings = {
				CODE_SIGN_STYLE = Automatic;
				CURRENT_PROJECT_VERSION = 14;
				DEVELOPMENT_TEAM = "";
				INFOPLIST_FILE = MazeScreensaver/Info.plist;
				INFOPLIST_KEY_NSHumanReadableCopyright = "";
				LD_RUNPATH_SEARCH_PATHS = (
					"$(inherited)",
					"@executable_path/../Frameworks",
					"@loader_path/../Frameworks",
				);
				MARKETING_VERSION = 1.1.0;
				PRODUCT_BUNDLE_IDENTIFIER = com.tido.MazeScreensaver;
				PRODUCT_MODULE_NAME = MazeScreensaver;
				PRODUCT_NAME = "$(TARGET_NAME)";
				SDKROOT = macosx;
				SKIP_INSTALL = YES;
				SWIFT_EMIT_LOC_STRINGS = YES;
				SWIFT_VERSION = 5.0;
				WRAPPER_EXTENSION = saver;
			};
			name = Debug;
		};
		4EDAAEFD-8F38-4CF5-AB85-F95FED785DE5 /* Release */ = {
			isa = XCBuildConfiguration;
			buildSettings = {
				CODE_SIGN_STYLE = Automatic;
				CURRENT_PROJECT_VERSION = 14;
				DEVELOPMENT_TEAM = "";
				INFOPLIST_FILE = MazeScreensaver/Info.plist;
				INFOPLIST_KEY_NSHumanReadableCopyright = "";
				LD_RUNPATH_SEARCH_PATHS = (
					"$(inherited)",
					"@executable_path/../Frameworks",
					"@loader_path/../Frameworks",
				);
				MARKETING_VERSION = 1.1.0;
				PRODUCT_BUNDLE_IDENTIFIER = com.tido.MazeScreensaver;
				PRODUCT_MODULE_NAME = MazeScreensaver;
				PRODUCT_NAME = "$(TARGET_NAME)";
				SDKROOT = macosx;
				SKIP_INSTALL = YES;
				SWIFT_EMIT_LOC_STRINGS = YES;
				SWIFT_VERSION = 5.0;
				WRAPPER_EXTENSION = saver;
			};
			name = Release;
		};
/* End XCBuildConfiguration section */

/* Begin XCConfigurationList section */
		E11F80BB-EE51-4EB6-88B1-272FDF6FBD72 /* Build configuration list for PBXNativeTarget "MazeScreensaver" */ = {
			isa = XCConfigurationList;
			buildConfigurations = (
				8811AF4D-C26B-4B18-85E8-B42872476C65 /* Debug */,
				4EDAAEFD-8F38-4CF5-AB85-F95FED785DE5 /* Release */,
			);
			defaultConfigurationIsVisible = 0;
			defaultConfigurationName = Release;
		};
		15B0C9C0-596B-43C9-80E4-7D5027C84E68 /* Build configuration list for PBXProject "MazeScreensaver" */ = {
			isa = XCConfigurationList;
			buildConfigurations = (
				FDA9D25B-4862-4AB2-B050-543169627F24 /* Debug */,
				C0711B67-D566-40AF-88DA-6E422FA49843 /* Release */,
			);
			defaultConfigurationIsVisible = 0;
			defaultConfigurationName = Release;
		};
/* End XCConfigurationList section */
	};
	rootObject = 12979495-FC68-43FF-9A50-6FE616B0F296 /* Project object */;
}
